# This file is automatically @generated by Poetry 2.2.1 and should not be changed by hand.

[[package]]
name = "mini-racer"
version = "0.12.4"
description = "Minimal, modern embedded V8 for Python."
optional = false
python-versions = ">=3.8"
groups = ["main"]
files = [
    {file = "mini_racer-0.12.4-py3-none-macosx_10_9_x86_64.whl", hash = "sha256:bce8a3cee946575a352f5e65335903bc148da42c036d0c738ac67e931600e455"},
    {file = "mini_racer-0.12.4-py3-none-macosx_11_0_arm64.whl", hash = "sha256:56c832e6ac2db6a304d1e8e80030615297aafbc6940f64f3479af4ba16abccd5"},
    {file = "mini_racer-0.12.4-py3-none-manylinux_2_31_aarch64.whl", hash = "sha256:b82c4bd2976e280ed0a72c9c2de01b13f18ccfbe6f4892cbc22aae04410fac3c"},
    {file = "mini_racer-0.12.4-py3-none-manylinux_2_31_x86_64.whl", hash = "sha256:69a1c44d02a9069b881684cef15a2d747fe0743df29eadc881fda7002aae5fd2"},
    {file = "mini_racer-0.12.4-py3-none-musllinux_1_2_aarch64.whl", hash = "sha256:499dbc267dfe60e954bc1b6c3787f7b10fc41fe1975853c9a6ddb55eb83dc4d9"},
    {file = "mini_racer-0.12.4-py3-none-musllinux_1_2_x86_64.whl", hash = "sha256:231f949f5787d18351939f1fe59e5a6fe134bccb5ecf8f836b9beab69d91c8d9"},
    {file = "mini_racer-0.12.4-py3-none-win_amd64.whl", hash = "sha256:9446e3bd6a4eb9fbedf1861326f7476080995a31c9b69308acef17e5b7ecaa1b"},
    {file = "mini_racer-0.12.4.tar.gz", hash = "sha256:84c67553ce9f3736d4c617d8a3f882949d37a46cfb47fe11dab33dd6704e62a4"},
]

[[package]]
name = "orjson"
version = "3.11.3"
description = "Fast, correct Python JSON library supporting dataclasses, datetimes, and numpy"
optional = false
python-versions = ">=3.9"
groups = ["main"]
files = [
    {file = "orjson-3.11.3-cp310-cp310-macosx_10_15_x86_64.macosx_11_0_arm64.macosx_10_15_universal2.whl", hash = "sha256:29cb1f1b008d936803e2da3d7cba726fc47232c45df531b29edf0b232dd737e7"},
    {file = "orjson-3.11.3-cp310-cp310-manylinux_2_17_aarch64.manylinux2014_aarch64.whl", hash = "sha256:97dceed87ed9139884a55db8722428e27bd8452817fbf1869c58b49fecab1120"},
    {file = "orjson-3.11.3-cp310-cp310-manylinux_2_17_armv7l.manylinux2014_armv7l.whl", hash = "sha256:58533f9e8266cb0ac298e259ed7b4d42ed3fa0b78ce76860626164de49e0d467"},
    {file = "orjson-3.11.3-cp310-cp310-manylinux_2_17_i686.manylinux2014_i686.whl", hash = "sha256:0c212cfdd90512fe722fa9bd620de4d46cda691415be86b2e02243242ae81873"},
    {file = "orjson-3.11.3-cp310-cp310-manylinux_2_17_ppc64le.manylinux2014_ppc64le.whl", hash = "sha256:5ff835b5d3e67d9207343effb03760c00335f8b5285bfceefd4dc967b0e48f6a"},
    {file = "orjson-3.11.3-cp310-cp310-manylinux_2_17_s390x.manylinux2014_s390x.whl", hash = "sha256:f5aa4682912a450c2db89cbd92d356fef47e115dffba07992555542f344d301b"},
    {file = "orjson-3.11.3-cp310-cp310-manylinux_2_17_x86_64.manylinux2014_x86_64.whl", hash = "sha256:d7d18dd34ea2e860553a579df02041845dee0af8985dff7f8661306f95504ddf"},
    {file = "orjson-3.11.3-cp310-cp310-musllinux_1_2_aarch64.whl", hash = "sha256:d8b11701bc43be92ea42bd454910437b355dfb63696c06fe953ffb40b5f763b4"},
    {file = "orjson-3.11.3-cp310-cp310-musllinux_1_2_armv7l.whl", hash = "sha256:90368277087d4af32d38bd55f9da2ff466d25325bf6167c8f382d8ee40cb2bbc"},
    {file = "orjson-3.11.3-cp310-cp310-musllinux_1_2_i686.whl", hash = "sha256:fd7ff459fb393358d3a155d25b275c60b07a2c83dcd7ea962b1923f5a1134569"},
    {file = "orjson-3.11.3-cp310-cp310-musllinux_1_2_x86_64.whl", hash = "sha256:f8d902867b699bcd09c176a280b1acdab57f924489033e53d0afe79817da37e6"},
    {file = "orjson-3.11.3-cp310-cp310-win32.whl", hash = "sha256:bb93562146120bb51e6b154962d3dadc678ed0fce96513fa6bc06599bb6f6edc"},
    {file = "orjson-3.11.3-cp310-cp310-win_amd64.whl", hash = "sha256:976c6f1975032cc327161c65d4194c549f2589d88b105a5e3499429a54479770"},
    {file = "orjson-3.11.3-cp311-cp311-macosx_10_15_x86_64.macosx_11_0_arm64.macosx_10_15_universal2.whl", hash = "sha256:9d2ae0cc6aeb669633e0124531f342a17d8e97ea999e42f12a5ad4adaa304c5f"},
    {file = "orjson-3.11.3-cp311-cp311-macosx_15_0_arm64.whl", hash = "sha256:ba21dbb2493e9c653eaffdc38819b004b7b1b246fb77bfc93dc016fe664eac91"},
    {file = "orjson-3.11.3-cp311-cp311-manylinux_2_17_aarch64.manylinux2014_aarch64.whl", hash = "sha256:00f1a271e56d511d1569937c0447d7dce5a99a33ea0dec76673706360a051904"},
    {file = "orjson-3.11.3-cp311-cp311-manylinux_2_17_armv7l.manylinux2014_armv7l.whl", hash = "sha256:b67e71e47caa6680d1b6f075a396d04fa6ca8ca09aafb428731da9b3ea32a5a6"},
    {file = "orjson-3.11.3-cp311-cp311-manylinux_2_17_i686.manylinux2014_i686.whl", hash = "sha256:d7d012ebddffcce8c85734a6d9e5f08180cd3857c5f5a3ac70185b43775d043d"},
    {file = "orjson-3.11.3-cp311-cp311-manylinux_2_17_ppc64le.manylinux2014_ppc64le.whl", hash = "sha256:dd759f75d6b8d1b62012b7f5ef9461d03c804f94d539a5515b454ba3a6588038"},
    {file = "orjson-3.11.3-cp311-cp311-manylinux_2_17_s390x.manylinux2014_s390x.whl", hash = "sha256:6890ace0809627b0dff19cfad92d69d0fa3f089d3e359a2a532507bb6ba34efb"},
    {file = "orjson-3.11.3-cp311-cp311-manylinux_2_17_x86_64.manylinux2014_x86_64.whl", hash = "sha256:f9d4a5e041ae435b815e568537755773d05dac031fee6a57b4ba70897a44d9d2"},
    {file = "orjson-3.11.3-cp311-cp311-musllinux_1_2_aarch64.whl", hash = "sha256:2d68bf97a771836687107abfca089743885fb664b90138d8761cce61d5625d55"},
    {file = "orjson-3.11.3-cp311-cp311-musllinux_1_2_armv7l.whl", hash = "sha256:bfc27516ec46f4520b18ef645864cee168d2a027dbf32c5537cb1f3e3c22dac1"},
    {file = "orjson-3.11.3-cp311-cp311-musllinux_1_2_i686.whl", hash = "sha256:f66b001332a017d7945e177e282a40b6997056394e3ed7ddb41fb1813b83e824"},
    {file = "orjson-3.11.3-cp311-cp311-musllinux_1_2_x86_64.whl", hash = "sha256:212e67806525d2561efbfe9e799633b17eb668b8964abed6b5319b2f1cfbae1f"},
    {file = "orjson-3.11.3-cp311-cp311-win32.whl", hash = "sha256:6e8e0c3b85575a32f2ffa59de455f85ce002b8bdc0662d6b9c2ed6d80ab5d204"},
    {file = "orjson-3.11.3-cp311-cp311-win_amd64.whl", hash = "sha256:6be2f1b5d3dc99a5ce5ce162fc741c22ba9f3443d3dd586e6a1211b7bc87bc7b"},
    {file = "orjson-3.11.3-cp311-cp311-win_arm64.whl", hash = "sha256:fafb1a99d740523d964b15c8db4eabbfc86ff29f84898262bf6e3e4c9e97e43e"},
    {file = "orjson-3.11.3-cp312-cp312-macosx_10_15_x86_64.macosx_11_0_arm64.macosx_10_15_universal2.whl", hash = "sha256:8c752089db84333e36d754c4baf19c0e1437012242048439c7e80eb0e6426e3b"},
    {file = "orjson-3.11.3-cp312-cp312-macosx_15_0_arm64.whl", hash = "sha256:9b8761b6cf04a856eb544acdd82fc594b978f12ac3602d6374a7edb9d86fd2c2"},
    {file = "orjson-3.11.3-cp312-cp312-manylinux_2_17_aarch64.manylinux2014_aarch64.whl", hash = "sha256:8b13974dc8ac6ba22feaa867fc19135a3e01a134b4f7c9c28162fed4d615008a"},
    {file = "orjson-3.11.3-cp312-cp312-manylinux_2_17_armv7l.manylinux2014_armv7l.whl", hash = "sha256:f83abab5bacb76d9c821fd5c07728ff224ed0e52d7a71b7b3de822f3df04e15c"},
    {file = "orjson-3.11.3-cp312-cp312-manylinux_2_17_i686.manylinux2014_i686.whl", hash = "sha256:e6fbaf48a744b94091a56c62897b27c31ee2da93d826aa5b207131a1e13d4064"},
    {file = "orjson-3.11.3-cp312-cp312-manylinux_2_17_ppc64le.manylinux2014_ppc64le.whl", hash = "sha256:bc779b4f4bba2847d0d2940081a7b6f7b5877e05408ffbb74fa1faf4a136c424"},
    {file = "orjson-3.11.3-cp312-cp312-manylinux_2_17_s390x.manylinux2014_s390x.whl", hash = "sha256:bd4b909ce4c50faa2192da6bb684d9848d4510b736b0611b6ab4020ea6fd2d23"},
    {file = "orjson-3.11.3-cp312-cp312-manylinux_2_17_x86_64.manylinux2014_x86_64.whl", hash = "sha256:524b765ad888dc5518bbce12c77c2e83dee1ed6b0992c1790cc5fb49bb4b6667"},
    {file = "orjson-3.11.3-cp312-cp312-musllinux_1_2_aarch64.whl", hash = "sha256:84fd82870b97ae3cdcea9d8746e592b6d40e1e4d4527835fc520c588d2ded04f"},
    {file = "orjson-3.11.3-cp312-cp312-musllinux_1_2_armv7l.whl", hash = "sha256:fbecb9709111be913ae6879b07bafd4b0785b44c1eb5cac8ac76da048b3885a1"},
    {file = "orjson-3.11.3-cp312-cp312-musllinux_1_2_i686.whl", hash = "sha256:9dba358d55aee552bd868de348f4736ca5a4086d9a62e2bfbbeeb5629fe8b0cc"},
    {file = "orjson-3.11.3-cp312-cp312-musllinux_1_2_x86_64.whl", hash = "sha256:eabcf2e84f1d7105f84580e03012270c7e97ecb1fb1618bda395061b2a84a049"},
    {file = "orjson-3.11.3-cp312-cp312-win32.whl", hash = "sha256:3782d2c60b8116772aea8d9b7905221437fdf53e7277282e8d8b07c220f96cca"},
    {file = "orjson-3.11.3-cp312-cp312-win_amd64.whl", hash = "sha256:79b44319268af2eaa3e315b92298de9a0067ade6e6003ddaef72f8e0bedb94f1"},
    {file = "orjson-3.11.3-cp312-cp312-win_arm64.whl", hash = "sha256:0e92a4e83341ef79d835ca21b8bd13e27c859e4e9e4d7b63defc6e58462a3710"},
    {file = "orjson-3.11.3-cp313-cp313-macosx_10_15_x86_64.macosx_11_0_arm64.macosx_10_15_universal2.whl", hash = "sha256:af40c6612fd2a4b00de648aa26d18186cd1322330bd3a3cc52f87c699e995810"},
    {file = "orjson-3.11.3-cp313-cp313-macosx_15_0_arm64.whl", hash = "sha256:9f1587f26c235894c09e8b5b7636a38091a9e6e7fe4531937534749c04face43"},
    {file = "orjson-3.11.3-cp313-cp313-manylinux_2_17_aarch64.manylinux2014_aarch64.whl", hash = "sha256:61dcdad16da5bb486d7227a37a2e789c429397793a6955227cedbd7252eb5a27"},
    {file = "orjson-3.11.3-cp313-cp313-manylinux_2_17_armv7l.manylinux2014_armv7l.whl", hash = "sha256:11c6d71478e2cbea0a709e8a06365fa63da81da6498a53e4c4f065881d21ae8f"},
    {file = "orjson-3.11.3-cp313-cp313-manylinux_2_17_i686.manylinux2014_i686.whl", hash = "sha256:ff94112e0098470b665cb0ed06efb187154b63649403b8d5e9aedeb482b4548c"},
    {file = "orjson-3.11.3-cp313-cp313-manylinux_2_17_ppc64le.manylinux2014_ppc64le.whl", hash = "sha256:ae8b756575aaa2a855a75192f356bbda11a89169830e1439cfb1a3e1a6dde7be"},
    {file = "orjson-3.11.3-cp313-cp313-manylinux_2_17_s390x.manylinux2014_s390x.whl", hash = "sha256:c9416cc19a349c167ef76135b2fe40d03cea93680428efee8771f3e9fb66079d"},
    {file = "orjson-3.11.3-cp313-cp313-manylinux_2_17_x86_64.manylinux2014_x86_64.whl", hash = "sha256:b822caf5b9752bc6f246eb08124c3d12bf2175b66ab74bac2ef3bbf9221ce1b2"},
    {file = "orjson-3.11.3-cp313-cp313-musllinux_1_2_aarch64.whl", hash = "sha256:414f71e3bdd5573893bf5ecdf35c32b213ed20aa15536fe2f588f946c318824f"},
    {file = "orjson-3.11.3-cp313-cp313-musllinux_1_2_armv7l.whl", hash = "sha256:828e3149ad8815dc14468f36ab2a4b819237c155ee1370341b91ea4c8672d2ee"},
    {file = "orjson-3.11.3-cp313-cp313-musllinux_1_2_i686.whl", hash = "sha256:ac9e05f25627ffc714c21f8dfe3a579445a5c392a9c8ae7ba1d0e9fb5333f56e"},
    {file = "orjson-3.11.3-cp313-cp313-musllinux_1_2_x86_64.whl", hash = "sha256:e44fbe4000bd321d9f3b648ae46e0196d21577cf66ae684a96ff90b1f7c93633"},
    {file = "orjson-3.11.3-cp313-cp313-win32.whl", hash = "sha256:2039b7847ba3eec1f5886e75e6763a16e18c68a63efc4b029ddf994821e2e66b"},
    {file = "orjson-3.11.3-cp313-cp313-win_amd64.whl", hash = "sha256:29be5ac4164aa8bdcba5fa0700a3c9c316b411d8ed9d39ef8a882541bd452fae"},
    {file = "orjson-3.11.3-cp313-cp313-win_arm64.whl", hash = "sha256:18bd1435cb1f2857ceb59cfb7de6f92593ef7b831ccd1b9bfb28ca530e539dce"},
    {file = "orjson-3.11.3-cp314-cp314-macosx_10_15_x86_64.macosx_11_0_arm64.macosx_10_15_universal2.whl", hash = "sha256:cf4b81227ec86935568c7edd78352a92e97af8da7bd70bdfdaa0d2e0011a1ab4"},
    {file = "orjson-3.11.3-cp314-cp314-macosx_15_0_arm64.whl", hash = "sha256:bc8bc85b81b6ac9fc4dae393a8c159b817f4c2c9dee5d12b773bddb3b95fc07e"},
    {file = "orjson-3.11.3-cp314-cp314-manylinux_2_34_aarch64.whl", hash = "sha256:88dcfc514cfd1b0de038443c7b3e6a9797ffb1b3674ef1fd14f701a13397f82d"},
    {file = "orjson-3.11.3-cp314-cp314-manylinux_2_34_x86_64.whl", hash = "sha256:d61cd543d69715d5fc0a690c7c6f8dcc307bc23abef9738957981885f5f38229"},
    {file = "orjson-3.11.3-cp314-cp314-musllinux_1_2_aarch64.whl", hash = "sha256:2b7b153ed90ababadbef5c3eb39549f9476890d339cf47af563aea7e07db2451"},
    {file = "orjson-3.11.3-cp314-cp314-musllinux_1_2_armv7l.whl", hash = "sha256:7909ae2460f5f494fecbcd10613beafe40381fd0316e35d6acb5f3a05bfda167"},
    {file = "orjson-3.11.3-cp314-cp314-musllinux_1_2_i686.whl", hash = "sha256:2030c01cbf77bc67bee7eef1e7e31ecf28649353987775e3583062c752da0077"},
    {file = "orjson-3.11.3-cp314-cp314-musllinux_1_2_x86_64.whl", hash = "sha256:a0169ebd1cbd94b26c7a7ad282cf5c2744fce054133f959e02eb5265deae1872"},
    {file = "orjson-3.11.3-cp314-cp314-win32.whl", hash = "sha256:0c6d7328c200c349e3a4c6d8c83e0a5ad029bdc2d417f234152bf34842d0fc8d"},
    {file = "orjson-3.11.3-cp314-cp314-win_amd64.whl", hash = "sha256:317bbe2c069bbc757b1a2e4105b64aacd3bc78279b66a6b9e51e846e4809f804"},
    {file = "orjson-3.11.3-cp314-cp314-win_arm64.whl", hash = "sha256:e8f6a7a27d7b7bec81bd5924163e9af03d49bbb63013f107b48eb5d16db711bc"},
    {file = "orjson-3.11.3-cp39-cp39-macosx_10_15_x86_64.macosx_11_0_arm64.macosx_10_15_universal2.whl", hash = "sha256:56afaf1e9b02302ba636151cfc49929c1bb66b98794291afd0e5f20fecaf757c"},
    {file = "orjson-3.11.3-cp39-cp39-manylinux_2_17_aarch64.manylinux2014_aarch64.whl", hash = "sha256:913f629adef31d2d350d41c051ce7e33cf0fd06a5d1cb28d49b1899b23b903aa"},
    {file = "orjson-3.11.3-cp39-cp39-manylinux_2_17_armv7l.manylinux2014_armv7l.whl", hash = "sha256:e0a23b41f8f98b4e61150a03f83e4f0d566880fe53519d445a962929a4d21045"},
    {file = "orjson-3.11.3-cp39-cp39-manylinux_2_17_i686.manylinux2014_i686.whl", hash = "sha256:3d721fee37380a44f9d9ce6c701b3960239f4fb3d5ceea7f31cbd43882edaa2f"},
    {file = "orjson-3.11.3-cp39-cp39-manylinux_2_17_ppc64le.manylinux2014_ppc64le.whl", hash = "sha256:73b92a5b69f31b1a58c0c7e31080aeaec49c6e01b9522e71ff38d08f15aa56de"},
    {file = "orjson-3.11.3-cp39-cp39-manylinux_2_17_s390x.manylinux2014_s390x.whl", hash = "sha256:d2489b241c19582b3f1430cc5d732caefc1aaf378d97e7fb95b9e56bed11725f"},
    {file = "orjson-3.11.3-cp39-cp39-manylinux_2_17_x86_64.manylinux2014_x86_64.whl", hash = "sha256:c5189a5dab8b0312eadaf9d58d3049b6a52c454256493a557405e77a3d67ab7f"},
    {file = "orjson-3.11.3-cp39-cp39-musllinux_1_2_aarch64.whl", hash = "sha256:9d8787bdfbb65a85ea76d0e96a3b1bed7bf0fbcb16d40408dc1172ad784a49d2"},
    {file = "orjson-3.11.3-cp39-cp39-musllinux_1_2_armv7l.whl", hash = "sha256:8e531abd745f51f8035e207e75e049553a86823d189a51809c078412cefb399a"},
    {file = "orjson-3.11.3-cp39-cp39-musllinux_1_2_i686.whl", hash = "sha256:8ab962931015f170b97a3dd7bd933399c1bae8ed8ad0fb2a7151a5654b6941c7"},
    {file = "orjson-3.11.3-cp39-cp39-musllinux_1_2_x86_64.whl", hash = "sha256:124d5ba71fee9c9902c4a7baa9425e663f7f0aecf73d31d54fe3dd357d62c1a7"},
    {file = "orjson-3.11.3-cp39-cp39-win32.whl", hash = "sha256:22724d80ee5a815a44fc76274bb7ba2e7464f5564aacb6ecddaa9970a83e3225"},
    {file = "orjson-3.11.3-cp39-cp39-win_amd64.whl", hash = "sha256:215c595c792a87d4407cb72dd5e0f6ee8e694ceeb7f9102b533c5a9bf2a916bb"},
    {file = "orjson-3.11.3.tar.gz", hash = "sha256:1c0603b1d2ffcd43a411d64797a19556ef76958aef1c182f22dc30860152a98a"},
]

[[package]]
name = "pyexecjs"
version = "1.5.1"
description = "Run JavaScript code from Python"
optional = false
python-versions = "*"
groups = ["main"]
files = [
    {file = "PyExecJS-1.5.1.tar.gz", hash = "sha256:34cc1d070976918183ff7bdc0ad71f8157a891c92708c00c5fbbff7a769f505c"},
]

[package.dependencies]
six = ">=1.10.0"

[[package]]
name = "six"
version = "1.17.0"
description = "Python 2 and 3 compatibility utilities"
optional = false
python-versions = "!=3.0.*,!=3.1.*,!=3.2.*,>=2.7"
groups = ["main"]
files = [
    {file = "six-1.17.0-py2.py3-none-any.whl", hash = "sha256:4721f391ed90541fddacab5acf947aa0d3dc7d27b2e1e8eda2be8970586c3274"},
    {file = "six-1.17.0.tar.gz", hash = "sha256:ff70335d468e7eb6ec65b95b99d3a2836546063f63acc5171de367e834932a81"},
]

[metadata]
lock-version = "2.1"
python-versions = ">=3.12"
content-hash = "95d6f867bf3abd1f4d21d0866e01b24eb81a97faf624d91c55cf8f60c0d5cb4d"
